PODS:
  - CLRouter (0.1.0)

DEPENDENCIES:
  - CLRouter (from `/Users/lion/sourcetree-workspace/librarys/CLRouter`)

EXTERNAL SOURCES:
  CLRouter:
    :path: "/Users/lion/sourcetree-workspace/librarys/CLRouter"

SPEC CHECKSUMS:
  CLRouter: 0f253a75b5d967c94c632d4c33beba386fe9e0f8

PODFILE CHECKSUM: c403b12395690316291185fd52421ce37e5d6e62

COCOAPODS: 1.12.1
